
Microsoft Visual Studio Solution File, Format Version 9.00
# Visual Studio 2005
Project("{FAE04EC0-301F-11D3-BF4B-00C04F79EFBC}") = "TesterApp", "TesterApp.csproj", "{0E42CBFD-FC75-4F2E-BCD0-77CB88476DFF}"
EndProject
Global
	GlobalSection(SolutionConfigurationPlatforms) = preSolution
		Debug|Any CPU = Debug|Any CPU
		Release|Any CPU = Release|Any CPU
	EndGlobalSection
	GlobalSection(ProjectConfigurationPlatforms) = postSolution
		{0E42CBFD-FC75-4F2E-BCD0-77CB88476DFF}.Debug|Any CPU.ActiveCfg = Debug|Any CPU
		{0E42CBFD-FC75-4F2E-BCD0-77CB88476DFF}.Debug|Any CPU.Build.0 = Debug|Any CPU
		{0E42CBFD-FC75-4F2E-BCD0-77CB88476DFF}.Release|Any CPU.ActiveCfg = Release|Any CPU
		{0E42CBFD-FC75-4F2E-BCD0-77CB88476DFF}.Release|Any CPU.Build.0 = Release|Any CPU
	EndGlobalSection
	GlobalSection(SolutionProperties) = preSolution
		HideSolutionNode = FALSE
	EndGlobalSection
EndGlobal
